dependencies:
- name: kube-state-metrics
  repository: https://prometheus-community.github.io/helm-charts
  version: 5.15.3
- name: cloudzero-insights-controller
  repository: https://cloudzero.github.io/cloudzero-charts/beta
  version: 1.0.1-beta
digest: sha256:467fc1a751a584f61a9264a7f071209db408036baf45a62f061e34a444137e0f
generated: "2024-11-18T12:45:12.292096-05:00"
